
Microsoft Visual Studio Solution File, Format Version 12.00
# Visual Studio 15
VisualStudioVersion = 15.0.27703.2047
MinimumVisualStudioVersion = 10.0.40219.1
Project("{FAE04EC0-301F-11D3-BF4B-00C04F79EFBC}") = "AspNetVS2017.Capitulo01.Variaveis", "AspNetVS2017.Capitulo01.Variaveis\AspNetVS2017.Capitulo01.Variaveis.csproj", "{DB2C265C-B869-446E-B66A-6CE4185C8E74}"
EndProject
Project("{FAE04EC0-301F-11D3-BF4B-00C04F79EFBC}") = "AspNetVS2017.Capitulo01.Troco", "AspNetVS2017.Capitulo01.Troco\AspNetVS2017.Capitulo01.Troco.csproj", "{41C62D10-39E7-435F-8BE2-19E0FC6D482B}"
EndProject
Project("{FAE04EC0-301F-11D3-BF4B-00C04F79EFBC}") = "AspNetVS2017.Capitulo01.Frete", "AspNetVS2017.Capitulo01.Frete\AspNetVS2017.Capitulo01.Frete.csproj", "{5A461283-214F-49E0-898C-B49D7CDB6086}"
EndProject
Project("{FAE04EC0-301F-11D3-BF4B-00C04F79EFBC}") = "AspNetVS2017.Capitulo01.Repeticao.Testes", "AspNetVS2017.Capitulo01.Repeticao.Testes\AspNetVS2017.Capitulo01.Repeticao.Testes.csproj", "{0356A6FB-E202-4326-81A3-FEBB58771B34}"
EndProject
Project("{FAE04EC0-301F-11D3-BF4B-00C04F79EFBC}") = "AspNetVS2017.Capitulo01.VetoresColecoes.Testes", "AspNetVS2017.Capitulo01.VetoresColecoes.Testes\AspNetVS2017.Capitulo01.VetoresColecoes.Testes.csproj", "{F70F9124-3D1C-4F38-AFD8-32AEF57CA9FC}"
EndProject
Project("{2150E333-8FDC-42A3-9474-1A3956D46DE8}") = "Oficina", "Oficina", "{7DC0BE06-D25A-4978-A516-6EFADD3F826C}"
EndProject
Project("{FAE04EC0-301F-11D3-BF4B-00C04F79EFBC}") = "Oficina.Dominio", "Oficina.Dominio\Oficina.Dominio.csproj", "{1E3B2432-8AAA-47F9-9E9D-CA05883CE9DD}"
EndProject
Project("{FAE04EC0-301F-11D3-BF4B-00C04F79EFBC}") = "Oficina.Repositorios.SistemaArquivos", "Oficina.Repositorios.SistemaArquivos\Oficina.Repositorios.SistemaArquivos.csproj", "{2E86E8B0-F16C-497C-934F-CBB641A14BD0}"
EndProject
Project("{FAE04EC0-301F-11D3-BF4B-00C04F79EFBC}") = "Oficina.Repositorios.SistemaArquivosTests", "Oficina.Repositorios.SistemaArquivosTests\Oficina.Repositorios.SistemaArquivosTests.csproj", "{DB2CE15F-E7C5-4FD5-BA1D-96982731D973}"
EndProject
Global
	GlobalSection(SolutionConfigurationPlatforms) = preSolution
		Debug|Any CPU = Debug|Any CPU
		Release|Any CPU = Release|Any CPU
	EndGlobalSection
	GlobalSection(ProjectConfigurationPlatforms) = postSolution
		{DB2C265C-B869-446E-B66A-6CE4185C8E74}.Debug|Any CPU.ActiveCfg = Debug|Any CPU
		{DB2C265C-B869-446E-B66A-6CE4185C8E74}.Debug|Any CPU.Build.0 = Debug|Any CPU
		{DB2C265C-B869-446E-B66A-6CE4185C8E74}.Release|Any CPU.ActiveCfg = Release|Any CPU
		{DB2C265C-B869-446E-B66A-6CE4185C8E74}.Release|Any CPU.Build.0 = Release|Any CPU
		{41C62D10-39E7-435F-8BE2-19E0FC6D482B}.Debug|Any CPU.ActiveCfg = Debug|Any CPU
		{41C62D10-39E7-435F-8BE2-19E0FC6D482B}.Debug|Any CPU.Build.0 = Debug|Any CPU
		{41C62D10-39E7-435F-8BE2-19E0FC6D482B}.Release|Any CPU.ActiveCfg = Release|Any CPU
		{41C62D10-39E7-435F-8BE2-19E0FC6D482B}.Release|Any CPU.Build.0 = Release|Any CPU
		{5A461283-214F-49E0-898C-B49D7CDB6086}.Debug|Any CPU.ActiveCfg = Debug|Any CPU
		{5A461283-214F-49E0-898C-B49D7CDB6086}.Debug|Any CPU.Build.0 = Debug|Any CPU
		{5A461283-214F-49E0-898C-B49D7CDB6086}.Release|Any CPU.ActiveCfg = Release|Any CPU
		{5A461283-214F-49E0-898C-B49D7CDB6086}.Release|Any CPU.Build.0 = Release|Any CPU
		{0356A6FB-E202-4326-81A3-FEBB58771B34}.Debug|Any CPU.ActiveCfg = Debug|Any CPU
		{0356A6FB-E202-4326-81A3-FEBB58771B34}.Debug|Any CPU.Build.0 = Debug|Any CPU
		{0356A6FB-E202-4326-81A3-FEBB58771B34}.Release|Any CPU.ActiveCfg = Release|Any CPU
		{0356A6FB-E202-4326-81A3-FEBB58771B34}.Release|Any CPU.Build.0 = Release|Any CPU
		{F70F9124-3D1C-4F38-AFD8-32AEF57CA9FC}.Debug|Any CPU.ActiveCfg = Debug|Any CPU
		{F70F9124-3D1C-4F38-AFD8-32AEF57CA9FC}.Debug|Any CPU.Build.0 = Debug|Any CPU
		{F70F9124-3D1C-4F38-AFD8-32AEF57CA9FC}.Release|Any CPU.ActiveCfg = Release|Any CPU
		{F70F9124-3D1C-4F38-AFD8-32AEF57CA9FC}.Release|Any CPU.Build.0 = Release|Any CPU
		{1E3B2432-8AAA-47F9-9E9D-CA05883CE9DD}.Debug|Any CPU.ActiveCfg = Debug|Any CPU
		{1E3B2432-8AAA-47F9-9E9D-CA05883CE9DD}.Debug|Any CPU.Build.0 = Debug|Any CPU
		{1E3B2432-8AAA-47F9-9E9D-CA05883CE9DD}.Release|Any CPU.ActiveCfg = Release|Any CPU
		{1E3B2432-8AAA-47F9-9E9D-CA05883CE9DD}.Release|Any CPU.Build.0 = Release|Any CPU
		{2E86E8B0-F16C-497C-934F-CBB641A14BD0}.Debug|Any CPU.ActiveCfg = Debug|Any CPU
		{2E86E8B0-F16C-497C-934F-CBB641A14BD0}.Debug|Any CPU.Build.0 = Debug|Any CPU
		{2E86E8B0-F16C-497C-934F-CBB641A14BD0}.Release|Any CPU.ActiveCfg = Release|Any CPU
		{2E86E8B0-F16C-497C-934F-CBB641A14BD0}.Release|Any CPU.Build.0 = Release|Any CPU
		{DB2CE15F-E7C5-4FD5-BA1D-96982731D973}.Debug|Any CPU.ActiveCfg = Debug|Any CPU
		{DB2CE15F-E7C5-4FD5-BA1D-96982731D973}.Debug|Any CPU.Build.0 = Debug|Any CPU
		{DB2CE15F-E7C5-4FD5-BA1D-96982731D973}.Release|Any CPU.ActiveCfg = Release|Any CPU
		{DB2CE15F-E7C5-4FD5-BA1D-96982731D973}.Release|Any CPU.Build.0 = Release|Any CPU
	EndGlobalSection
	GlobalSection(SolutionProperties) = preSolution
		HideSolutionNode = FALSE
	EndGlobalSection
	GlobalSection(NestedProjects) = preSolution
		{1E3B2432-8AAA-47F9-9E9D-CA05883CE9DD} = {7DC0BE06-D25A-4978-A516-6EFADD3F826C}
		{2E86E8B0-F16C-497C-934F-CBB641A14BD0} = {7DC0BE06-D25A-4978-A516-6EFADD3F826C}
		{DB2CE15F-E7C5-4FD5-BA1D-96982731D973} = {7DC0BE06-D25A-4978-A516-6EFADD3F826C}
	EndGlobalSection
	GlobalSection(ExtensibilityGlobals) = postSolution
		SolutionGuid = {2391F7E4-49BE-4EFC-81AA-E344D66436A7}
	EndGlobalSection
EndGlobal
