
Microsoft Visual Studio Solution File, Format Version 12.00
# Visual Studio 15
VisualStudioVersion = 15.0.27703.2047
MinimumVisualStudioVersion = 10.0.40219.1
Project("{FAE04EC0-301F-11D3-BF4B-00C04F79EFBC}") = "AspNetVS2017.Capitulo01.Variaveis", "AspNetVS2017.Capitulo01.Variaveis\AspNetVS2017.Capitulo01.Variaveis.csproj", "{DB2C265C-B869-446E-B66A-6CE4185C8E74}"
EndProject
Global
	GlobalSection(SolutionConfigurationPlatforms) = preSolution
		Debug|Any CPU = Debug|Any CPU
		Release|Any CPU = Release|Any CPU
	EndGlobalSection
	GlobalSection(ProjectConfigurationPlatforms) = postSolution
		{DB2C265C-B869-446E-B66A-6CE4185C8E74}.Debug|Any CPU.ActiveCfg = Debug|Any CPU
		{DB2C265C-B869-446E-B66A-6CE4185C8E74}.Debug|Any CPU.Build.0 = Debug|Any CPU
		{DB2C265C-B869-446E-B66A-6CE4185C8E74}.Release|Any CPU.ActiveCfg = Release|Any CPU
		{DB2C265C-B869-446E-B66A-6CE4185C8E74}.Release|Any CPU.Build.0 = Release|Any CPU
	EndGlobalSection
	GlobalSection(SolutionProperties) = preSolution
		HideSolutionNode = FALSE
	EndGlobalSection
	GlobalSection(ExtensibilityGlobals) = postSolution
		SolutionGuid = {2391F7E4-49BE-4EFC-81AA-E344D66436A7}
	EndGlobalSection
EndGlobal
