
Microsoft Visual Studio Solution File, Format Version 12.00
# Visual Studio 15
VisualStudioVersion = 15.0.27703.2047
MinimumVisualStudioVersion = 10.0.40219.1
Project("{FAE04EC0-301F-11D3-BF4B-00C04F79EFBC}") = "AspNetVS2017.Capitulo01.Variaveis", "AspNetVS2017.Capitulo01.Variaveis\AspNetVS2017.Capitulo01.Variaveis.csproj", "{DB2C265C-B869-446E-B66A-6CE4185C8E74}"
EndProject
Project("{FAE04EC0-301F-11D3-BF4B-00C04F79EFBC}") = "AspNetVS2017.Capitulo01.Troco", "AspNetVS2017.Capitulo01.Troco\AspNetVS2017.Capitulo01.Troco.csproj", "{41C62D10-39E7-435F-8BE2-19E0FC6D482B}"
EndProject
Project("{FAE04EC0-301F-11D3-BF4B-00C04F79EFBC}") = "AspNetVS2017.Capitulo01.Frete", "AspNetVS2017.Capitulo01.Frete\AspNetVS2017.Capitulo01.Frete.csproj", "{5A461283-214F-49E0-898C-B49D7CDB6086}"
EndProject
Project("{FAE04EC0-301F-11D3-BF4B-00C04F79EFBC}") = "AspNetVS2017.Capitulo01.Repeticao.Testes", "AspNetVS2017.Capitulo01.Repeticao.Testes\AspNetVS2017.Capitulo01.Repeticao.Testes.csproj", "{0356A6FB-E202-4326-81A3-FEBB58771B34}"
EndProject
Project("{FAE04EC0-301F-11D3-BF4B-00C04F79EFBC}") = "AspNetVS2017.Capitulo01.VetoresColecoes.Testes", "AspNetVS2017.Capitulo01.VetoresColecoes.Testes\AspNetVS2017.Capitulo01.VetoresColecoes.Testes.csproj", "{F70F9124-3D1C-4F38-AFD8-32AEF57CA9FC}"
EndProject
Project("{2150E333-8FDC-42A3-9474-1A3956D46DE8}") = "Oficina", "Oficina", "{7DC0BE06-D25A-4978-A516-6EFADD3F826C}"
EndProject
Project("{FAE04EC0-301F-11D3-BF4B-00C04F79EFBC}") = "Oficina.Dominio", "Oficina.Dominio\Oficina.Dominio.csproj", "{1E3B2432-8AAA-47F9-9E9D-CA05883CE9DD}"
EndProject
Project("{FAE04EC0-301F-11D3-BF4B-00C04F79EFBC}") = "Oficina.Repositorios.SistemaArquivos", "Oficina.Repositorios.SistemaArquivos\Oficina.Repositorios.SistemaArquivos.csproj", "{2E86E8B0-F16C-497C-934F-CBB641A14BD0}"
EndProject
Project("{FAE04EC0-301F-11D3-BF4B-00C04F79EFBC}") = "Oficina.Repositorios.SistemaArquivosTests", "Oficina.Repositorios.SistemaArquivosTests\Oficina.Repositorios.SistemaArquivosTests.csproj", "{DB2CE15F-E7C5-4FD5-BA1D-96982731D973}"
EndProject
Project("{FAE04EC0-301F-11D3-BF4B-00C04F79EFBC}") = "Oficina.WebPages", "Oficina.WebPages\Oficina.WebPages.csproj", "{E195AF67-1A0E-401E-B261-D0550B573020}"
EndProject
Project("{FAE04EC0-301F-11D3-BF4B-00C04F79EFBC}") = "AspNetVS2017.Capitulo03.Portifolio", "AspNetVS2017.Capitulo03.Portifolio\AspNetVS2017.Capitulo03.Portifolio.csproj", "{1E79C0B8-10CE-4CC2-923C-BB6DAB3DBCA9}"
EndProject
Project("{2150E333-8FDC-42A3-9474-1A3956D46DE8}") = "Portfolio", "Portfolio", "{D55E8E1F-9EBB-4ECF-AA8D-953D70A95D5E}"
EndProject
Project("{00D1A9C2-B5F0-4AF3-8072-F6C62B433612}") = "Portfolio.Database", "Portfolio.Database\Portfolio.Database.sqlproj", "{523F7940-73A4-42B3-9814-CC86089918BE}"
EndProject
Project("{2150E333-8FDC-42A3-9474-1A3956D46DE8}") = "ViagensOnline", "ViagensOnline", "{AFE184B0-9E7C-476F-9244-50F579185630}"
EndProject
Project("{FAE04EC0-301F-11D3-BF4B-00C04F79EFBC}") = "ViagensOnline.Dominio", "ViagensOnline.Dominio\ViagensOnline.Dominio.csproj", "{F9588955-730C-42DB-B910-D8B1E54AF553}"
EndProject
Project("{FAE04EC0-301F-11D3-BF4B-00C04F79EFBC}") = "ViagensOnline.Repositorios.SqlServer", "ViagensOnline.Repositorios.SqlServer\ViagensOnline.Repositorios.SqlServer.csproj", "{22235167-9EC6-48F0-B29B-B287004F91AF}"
EndProject
Project("{FAE04EC0-301F-11D3-BF4B-00C04F79EFBC}") = "ViagensOnline.Repositorios.SqlServerTests", "ViagensOnline.Repositorios.SqlServerTests\ViagensOnline.Repositorios.SqlServerTests.csproj", "{1B0BA83E-B66D-4A3A-9CBA-7EF59EE70730}"
EndProject
Project("{FAE04EC0-301F-11D3-BF4B-00C04F79EFBC}") = "ViagensOnline.Mvc", "ViagensOnline.Mvc\ViagensOnline.Mvc.csproj", "{0CE72278-1781-4F6B-A98C-0417F9A6FD6D}"
EndProject
Project("{2150E333-8FDC-42A3-9474-1A3956D46DE8}") = "Pessoal", "Pessoal", "{B1AB16D0-EE35-45DA-BAE0-787CEF1B0806}"
EndProject
Project("{FAE04EC0-301F-11D3-BF4B-00C04F79EFBC}") = "Pessoal.Dominio", "Pessoal.Dominio\Pessoal.Dominio.csproj", "{E64846A0-648C-43D3-A40B-4D2B90F11B38}"
EndProject
Project("{FAE04EC0-301F-11D3-BF4B-00C04F79EFBC}") = "Pessoal.Repositorio.SqlServer", "Pessoal.Repositorio.SqlServer\Pessoal.Repositorio.SqlServer.csproj", "{CBF4FA4E-3169-40F8-B192-BABE3E66A8AF}"
EndProject
Project("{FAE04EC0-301F-11D3-BF4B-00C04F79EFBC}") = "Pessoal.Repositorio.SqlServerTests", "Pessoal.Repositorio.SqlServerTests\Pessoal.Repositorio.SqlServerTests.csproj", "{1AB144B8-26F7-4F5A-8BE8-3E561AEC4FBD}"
EndProject
Project("{00D1A9C2-B5F0-4AF3-8072-F6C62B433612}") = "Pessoal.Database", "Pessoal.Database\Pessoal.Database.sqlproj", "{A0629F42-32DA-4097-8F8C-7CFFEBF5F50D}"
EndProject
Project("{FAE04EC0-301F-11D3-BF4B-00C04F79EFBC}") = "Pessoal.WebForms", "Pessoal.WebForms\Pessoal.WebForms.csproj", "{C0312A43-9122-4C68-BD3F-1D6CEDB2D602}"
EndProject
Project("{FAE04EC0-301F-11D3-BF4B-00C04F79EFBC}") = "AspNetVS2017.Capitulo08.EF.ModelFirst", "AspNetVS2017.Capitulo08.EF.ModelFirst\AspNetVS2017.Capitulo08.EF.ModelFirst.csproj", "{E296CE17-C81F-46C7-BB62-D6735638B364}"
EndProject
Project("{2150E333-8FDC-42A3-9474-1A3956D46DE8}") = "Northwind", "Northwind", "{2A977E31-6405-486C-BC34-33A87F3BD277}"
EndProject
Project("{FAE04EC0-301F-11D3-BF4B-00C04F79EFBC}") = "Northwind.Repositorios.SqlServer", "Northwind.Repositorios.SqlServer\Northwind.Repositorios.SqlServer.csproj", "{7EF08BBA-C511-4066-8DFB-1D8E5A670CF4}"
EndProject
Project("{2150E333-8FDC-42A3-9474-1A3956D46DE8}") = "Loja", "Loja", "{48308878-7F78-42F7-B709-E90E3D28A80A}"
EndProject
Project("{FAE04EC0-301F-11D3-BF4B-00C04F79EFBC}") = "Loja.Dominio", "Loja.Dominio\Loja.Dominio.csproj", "{05C61FD7-98AF-4CD8-BC90-DEABBA816E64}"
EndProject
Project("{FAE04EC0-301F-11D3-BF4B-00C04F79EFBC}") = "Loja.Repositorios.SqlServer", "Loja.Repositorios.SqlServer\Loja.Repositorios.SqlServer.csproj", "{8458CE05-D606-4CC4-BD6B-2546006D3394}"
EndProject
Project("{FAE04EC0-301F-11D3-BF4B-00C04F79EFBC}") = "Loja.Repositorios.SqlServerTests", "Loja.Repositorios.SqlServerTests\Loja.Repositorios.SqlServerTests.csproj", "{3CEA668F-EB8B-49D7-8A78-2866FFAC859D}"
EndProject
Global
	GlobalSection(SolutionConfigurationPlatforms) = preSolution
		Debug|Any CPU = Debug|Any CPU
		Release|Any CPU = Release|Any CPU
	EndGlobalSection
	GlobalSection(ProjectConfigurationPlatforms) = postSolution
		{DB2C265C-B869-446E-B66A-6CE4185C8E74}.Debug|Any CPU.ActiveCfg = Debug|Any CPU
		{DB2C265C-B869-446E-B66A-6CE4185C8E74}.Debug|Any CPU.Build.0 = Debug|Any CPU
		{DB2C265C-B869-446E-B66A-6CE4185C8E74}.Release|Any CPU.ActiveCfg = Release|Any CPU
		{DB2C265C-B869-446E-B66A-6CE4185C8E74}.Release|Any CPU.Build.0 = Release|Any CPU
		{41C62D10-39E7-435F-8BE2-19E0FC6D482B}.Debug|Any CPU.ActiveCfg = Debug|Any CPU
		{41C62D10-39E7-435F-8BE2-19E0FC6D482B}.Debug|Any CPU.Build.0 = Debug|Any CPU
		{41C62D10-39E7-435F-8BE2-19E0FC6D482B}.Release|Any CPU.ActiveCfg = Release|Any CPU
		{41C62D10-39E7-435F-8BE2-19E0FC6D482B}.Release|Any CPU.Build.0 = Release|Any CPU
		{5A461283-214F-49E0-898C-B49D7CDB6086}.Debug|Any CPU.ActiveCfg = Debug|Any CPU
		{5A461283-214F-49E0-898C-B49D7CDB6086}.Debug|Any CPU.Build.0 = Debug|Any CPU
		{5A461283-214F-49E0-898C-B49D7CDB6086}.Release|Any CPU.ActiveCfg = Release|Any CPU
		{5A461283-214F-49E0-898C-B49D7CDB6086}.Release|Any CPU.Build.0 = Release|Any CPU
		{0356A6FB-E202-4326-81A3-FEBB58771B34}.Debug|Any CPU.ActiveCfg = Debug|Any CPU
		{0356A6FB-E202-4326-81A3-FEBB58771B34}.Debug|Any CPU.Build.0 = Debug|Any CPU
		{0356A6FB-E202-4326-81A3-FEBB58771B34}.Release|Any CPU.ActiveCfg = Release|Any CPU
		{0356A6FB-E202-4326-81A3-FEBB58771B34}.Release|Any CPU.Build.0 = Release|Any CPU
		{F70F9124-3D1C-4F38-AFD8-32AEF57CA9FC}.Debug|Any CPU.ActiveCfg = Debug|Any CPU
		{F70F9124-3D1C-4F38-AFD8-32AEF57CA9FC}.Debug|Any CPU.Build.0 = Debug|Any CPU
		{F70F9124-3D1C-4F38-AFD8-32AEF57CA9FC}.Release|Any CPU.ActiveCfg = Release|Any CPU
		{F70F9124-3D1C-4F38-AFD8-32AEF57CA9FC}.Release|Any CPU.Build.0 = Release|Any CPU
		{1E3B2432-8AAA-47F9-9E9D-CA05883CE9DD}.Debug|Any CPU.ActiveCfg = Debug|Any CPU
		{1E3B2432-8AAA-47F9-9E9D-CA05883CE9DD}.Debug|Any CPU.Build.0 = Debug|Any CPU
		{1E3B2432-8AAA-47F9-9E9D-CA05883CE9DD}.Release|Any CPU.ActiveCfg = Release|Any CPU
		{1E3B2432-8AAA-47F9-9E9D-CA05883CE9DD}.Release|Any CPU.Build.0 = Release|Any CPU
		{2E86E8B0-F16C-497C-934F-CBB641A14BD0}.Debug|Any CPU.ActiveCfg = Debug|Any CPU
		{2E86E8B0-F16C-497C-934F-CBB641A14BD0}.Debug|Any CPU.Build.0 = Debug|Any CPU
		{2E86E8B0-F16C-497C-934F-CBB641A14BD0}.Release|Any CPU.ActiveCfg = Release|Any CPU
		{2E86E8B0-F16C-497C-934F-CBB641A14BD0}.Release|Any CPU.Build.0 = Release|Any CPU
		{DB2CE15F-E7C5-4FD5-BA1D-96982731D973}.Debug|Any CPU.ActiveCfg = Debug|Any CPU
		{DB2CE15F-E7C5-4FD5-BA1D-96982731D973}.Debug|Any CPU.Build.0 = Debug|Any CPU
		{DB2CE15F-E7C5-4FD5-BA1D-96982731D973}.Release|Any CPU.ActiveCfg = Release|Any CPU
		{DB2CE15F-E7C5-4FD5-BA1D-96982731D973}.Release|Any CPU.Build.0 = Release|Any CPU
		{E195AF67-1A0E-401E-B261-D0550B573020}.Debug|Any CPU.ActiveCfg = Debug|Any CPU
		{E195AF67-1A0E-401E-B261-D0550B573020}.Debug|Any CPU.Build.0 = Debug|Any CPU
		{E195AF67-1A0E-401E-B261-D0550B573020}.Release|Any CPU.ActiveCfg = Release|Any CPU
		{E195AF67-1A0E-401E-B261-D0550B573020}.Release|Any CPU.Build.0 = Release|Any CPU
		{1E79C0B8-10CE-4CC2-923C-BB6DAB3DBCA9}.Debug|Any CPU.ActiveCfg = Debug|Any CPU
		{1E79C0B8-10CE-4CC2-923C-BB6DAB3DBCA9}.Debug|Any CPU.Build.0 = Debug|Any CPU
		{1E79C0B8-10CE-4CC2-923C-BB6DAB3DBCA9}.Release|Any CPU.ActiveCfg = Release|Any CPU
		{1E79C0B8-10CE-4CC2-923C-BB6DAB3DBCA9}.Release|Any CPU.Build.0 = Release|Any CPU
		{523F7940-73A4-42B3-9814-CC86089918BE}.Debug|Any CPU.ActiveCfg = Debug|Any CPU
		{523F7940-73A4-42B3-9814-CC86089918BE}.Debug|Any CPU.Build.0 = Debug|Any CPU
		{523F7940-73A4-42B3-9814-CC86089918BE}.Debug|Any CPU.Deploy.0 = Debug|Any CPU
		{523F7940-73A4-42B3-9814-CC86089918BE}.Release|Any CPU.ActiveCfg = Release|Any CPU
		{523F7940-73A4-42B3-9814-CC86089918BE}.Release|Any CPU.Build.0 = Release|Any CPU
		{523F7940-73A4-42B3-9814-CC86089918BE}.Release|Any CPU.Deploy.0 = Release|Any CPU
		{F9588955-730C-42DB-B910-D8B1E54AF553}.Debug|Any CPU.ActiveCfg = Debug|Any CPU
		{F9588955-730C-42DB-B910-D8B1E54AF553}.Debug|Any CPU.Build.0 = Debug|Any CPU
		{F9588955-730C-42DB-B910-D8B1E54AF553}.Release|Any CPU.ActiveCfg = Release|Any CPU
		{F9588955-730C-42DB-B910-D8B1E54AF553}.Release|Any CPU.Build.0 = Release|Any CPU
		{22235167-9EC6-48F0-B29B-B287004F91AF}.Debug|Any CPU.ActiveCfg = Debug|Any CPU
		{22235167-9EC6-48F0-B29B-B287004F91AF}.Debug|Any CPU.Build.0 = Debug|Any CPU
		{22235167-9EC6-48F0-B29B-B287004F91AF}.Release|Any CPU.ActiveCfg = Release|Any CPU
		{22235167-9EC6-48F0-B29B-B287004F91AF}.Release|Any CPU.Build.0 = Release|Any CPU
		{1B0BA83E-B66D-4A3A-9CBA-7EF59EE70730}.Debug|Any CPU.ActiveCfg = Debug|Any CPU
		{1B0BA83E-B66D-4A3A-9CBA-7EF59EE70730}.Debug|Any CPU.Build.0 = Debug|Any CPU
		{1B0BA83E-B66D-4A3A-9CBA-7EF59EE70730}.Release|Any CPU.ActiveCfg = Release|Any CPU
		{1B0BA83E-B66D-4A3A-9CBA-7EF59EE70730}.Release|Any CPU.Build.0 = Release|Any CPU
		{0CE72278-1781-4F6B-A98C-0417F9A6FD6D}.Debug|Any CPU.ActiveCfg = Debug|Any CPU
		{0CE72278-1781-4F6B-A98C-0417F9A6FD6D}.Debug|Any CPU.Build.0 = Debug|Any CPU
		{0CE72278-1781-4F6B-A98C-0417F9A6FD6D}.Release|Any CPU.ActiveCfg = Release|Any CPU
		{0CE72278-1781-4F6B-A98C-0417F9A6FD6D}.Release|Any CPU.Build.0 = Release|Any CPU
		{E64846A0-648C-43D3-A40B-4D2B90F11B38}.Debug|Any CPU.ActiveCfg = Debug|Any CPU
		{E64846A0-648C-43D3-A40B-4D2B90F11B38}.Debug|Any CPU.Build.0 = Debug|Any CPU
		{E64846A0-648C-43D3-A40B-4D2B90F11B38}.Release|Any CPU.ActiveCfg = Release|Any CPU
		{E64846A0-648C-43D3-A40B-4D2B90F11B38}.Release|Any CPU.Build.0 = Release|Any CPU
		{CBF4FA4E-3169-40F8-B192-BABE3E66A8AF}.Debug|Any CPU.ActiveCfg = Debug|Any CPU
		{CBF4FA4E-3169-40F8-B192-BABE3E66A8AF}.Debug|Any CPU.Build.0 = Debug|Any CPU
		{CBF4FA4E-3169-40F8-B192-BABE3E66A8AF}.Release|Any CPU.ActiveCfg = Release|Any CPU
		{CBF4FA4E-3169-40F8-B192-BABE3E66A8AF}.Release|Any CPU.Build.0 = Release|Any CPU
		{1AB144B8-26F7-4F5A-8BE8-3E561AEC4FBD}.Debug|Any CPU.ActiveCfg = Debug|Any CPU
		{1AB144B8-26F7-4F5A-8BE8-3E561AEC4FBD}.Debug|Any CPU.Build.0 = Debug|Any CPU
		{1AB144B8-26F7-4F5A-8BE8-3E561AEC4FBD}.Release|Any CPU.ActiveCfg = Release|Any CPU
		{1AB144B8-26F7-4F5A-8BE8-3E561AEC4FBD}.Release|Any CPU.Build.0 = Release|Any CPU
		{A0629F42-32DA-4097-8F8C-7CFFEBF5F50D}.Debug|Any CPU.ActiveCfg = Debug|Any CPU
		{A0629F42-32DA-4097-8F8C-7CFFEBF5F50D}.Debug|Any CPU.Build.0 = Debug|Any CPU
		{A0629F42-32DA-4097-8F8C-7CFFEBF5F50D}.Debug|Any CPU.Deploy.0 = Debug|Any CPU
		{A0629F42-32DA-4097-8F8C-7CFFEBF5F50D}.Release|Any CPU.ActiveCfg = Release|Any CPU
		{A0629F42-32DA-4097-8F8C-7CFFEBF5F50D}.Release|Any CPU.Build.0 = Release|Any CPU
		{A0629F42-32DA-4097-8F8C-7CFFEBF5F50D}.Release|Any CPU.Deploy.0 = Release|Any CPU
		{C0312A43-9122-4C68-BD3F-1D6CEDB2D602}.Debug|Any CPU.ActiveCfg = Debug|Any CPU
		{C0312A43-9122-4C68-BD3F-1D6CEDB2D602}.Debug|Any CPU.Build.0 = Debug|Any CPU
		{C0312A43-9122-4C68-BD3F-1D6CEDB2D602}.Release|Any CPU.ActiveCfg = Release|Any CPU
		{C0312A43-9122-4C68-BD3F-1D6CEDB2D602}.Release|Any CPU.Build.0 = Release|Any CPU
		{E296CE17-C81F-46C7-BB62-D6735638B364}.Debug|Any CPU.ActiveCfg = Debug|Any CPU
		{E296CE17-C81F-46C7-BB62-D6735638B364}.Debug|Any CPU.Build.0 = Debug|Any CPU
		{E296CE17-C81F-46C7-BB62-D6735638B364}.Release|Any CPU.ActiveCfg = Release|Any CPU
		{E296CE17-C81F-46C7-BB62-D6735638B364}.Release|Any CPU.Build.0 = Release|Any CPU
		{7EF08BBA-C511-4066-8DFB-1D8E5A670CF4}.Debug|Any CPU.ActiveCfg = Debug|Any CPU
		{7EF08BBA-C511-4066-8DFB-1D8E5A670CF4}.Debug|Any CPU.Build.0 = Debug|Any CPU
		{7EF08BBA-C511-4066-8DFB-1D8E5A670CF4}.Release|Any CPU.ActiveCfg = Release|Any CPU
		{7EF08BBA-C511-4066-8DFB-1D8E5A670CF4}.Release|Any CPU.Build.0 = Release|Any CPU
		{05C61FD7-98AF-4CD8-BC90-DEABBA816E64}.Debug|Any CPU.ActiveCfg = Debug|Any CPU
		{05C61FD7-98AF-4CD8-BC90-DEABBA816E64}.Debug|Any CPU.Build.0 = Debug|Any CPU
		{05C61FD7-98AF-4CD8-BC90-DEABBA816E64}.Release|Any CPU.ActiveCfg = Release|Any CPU
		{05C61FD7-98AF-4CD8-BC90-DEABBA816E64}.Release|Any CPU.Build.0 = Release|Any CPU
		{8458CE05-D606-4CC4-BD6B-2546006D3394}.Debug|Any CPU.ActiveCfg = Debug|Any CPU
		{8458CE05-D606-4CC4-BD6B-2546006D3394}.Debug|Any CPU.Build.0 = Debug|Any CPU
		{8458CE05-D606-4CC4-BD6B-2546006D3394}.Release|Any CPU.ActiveCfg = Release|Any CPU
		{8458CE05-D606-4CC4-BD6B-2546006D3394}.Release|Any CPU.Build.0 = Release|Any CPU
		{3CEA668F-EB8B-49D7-8A78-2866FFAC859D}.Debug|Any CPU.ActiveCfg = Debug|Any CPU
		{3CEA668F-EB8B-49D7-8A78-2866FFAC859D}.Debug|Any CPU.Build.0 = Debug|Any CPU
		{3CEA668F-EB8B-49D7-8A78-2866FFAC859D}.Release|Any CPU.ActiveCfg = Release|Any CPU
		{3CEA668F-EB8B-49D7-8A78-2866FFAC859D}.Release|Any CPU.Build.0 = Release|Any CPU
	EndGlobalSection
	GlobalSection(SolutionProperties) = preSolution
		HideSolutionNode = FALSE
	EndGlobalSection
	GlobalSection(NestedProjects) = preSolution
		{1E3B2432-8AAA-47F9-9E9D-CA05883CE9DD} = {7DC0BE06-D25A-4978-A516-6EFADD3F826C}
		{2E86E8B0-F16C-497C-934F-CBB641A14BD0} = {7DC0BE06-D25A-4978-A516-6EFADD3F826C}
		{DB2CE15F-E7C5-4FD5-BA1D-96982731D973} = {7DC0BE06-D25A-4978-A516-6EFADD3F826C}
		{E195AF67-1A0E-401E-B261-D0550B573020} = {7DC0BE06-D25A-4978-A516-6EFADD3F826C}
		{1E79C0B8-10CE-4CC2-923C-BB6DAB3DBCA9} = {D55E8E1F-9EBB-4ECF-AA8D-953D70A95D5E}
		{523F7940-73A4-42B3-9814-CC86089918BE} = {D55E8E1F-9EBB-4ECF-AA8D-953D70A95D5E}
		{F9588955-730C-42DB-B910-D8B1E54AF553} = {AFE184B0-9E7C-476F-9244-50F579185630}
		{22235167-9EC6-48F0-B29B-B287004F91AF} = {AFE184B0-9E7C-476F-9244-50F579185630}
		{1B0BA83E-B66D-4A3A-9CBA-7EF59EE70730} = {AFE184B0-9E7C-476F-9244-50F579185630}
		{0CE72278-1781-4F6B-A98C-0417F9A6FD6D} = {AFE184B0-9E7C-476F-9244-50F579185630}
		{E64846A0-648C-43D3-A40B-4D2B90F11B38} = {B1AB16D0-EE35-45DA-BAE0-787CEF1B0806}
		{CBF4FA4E-3169-40F8-B192-BABE3E66A8AF} = {B1AB16D0-EE35-45DA-BAE0-787CEF1B0806}
		{1AB144B8-26F7-4F5A-8BE8-3E561AEC4FBD} = {B1AB16D0-EE35-45DA-BAE0-787CEF1B0806}
		{A0629F42-32DA-4097-8F8C-7CFFEBF5F50D} = {B1AB16D0-EE35-45DA-BAE0-787CEF1B0806}
		{C0312A43-9122-4C68-BD3F-1D6CEDB2D602} = {B1AB16D0-EE35-45DA-BAE0-787CEF1B0806}
		{7EF08BBA-C511-4066-8DFB-1D8E5A670CF4} = {2A977E31-6405-486C-BC34-33A87F3BD277}
		{05C61FD7-98AF-4CD8-BC90-DEABBA816E64} = {48308878-7F78-42F7-B709-E90E3D28A80A}
		{8458CE05-D606-4CC4-BD6B-2546006D3394} = {48308878-7F78-42F7-B709-E90E3D28A80A}
		{3CEA668F-EB8B-49D7-8A78-2866FFAC859D} = {48308878-7F78-42F7-B709-E90E3D28A80A}
	EndGlobalSection
	GlobalSection(ExtensibilityGlobals) = postSolution
		SolutionGuid = {2391F7E4-49BE-4EFC-81AA-E344D66436A7}
	EndGlobalSection
EndGlobal
